
Microsoft Visual Studio Solution File, Format Version 12.00
# Visual Studio Version 16
VisualStudioVersion = 16.0.28803.352
MinimumVisualStudioVersion = 10.0.40219.1
Project("{FAE04EC0-301F-11D3-BF4B-00C04F79EFBC}") = "Prueba1", "Prueba1\Prueba1.csproj", "{6C81FAEF-432F-4066-8517-974B82AFA55B}"
EndProject
Global
	GlobalSection(SolutionConfigurationPlatforms) = preSolution
		Debug|Any CPU = Debug|Any CPU
		Release|Any CPU = Release|Any CPU
	EndGlobalSection
	GlobalSection(ProjectConfigurationPlatforms) = postSolution
		{6C81FAEF-432F-4066-8517-974B82AFA55B}.Debug|Any CPU.ActiveCfg = Debug|Any CPU
		{6C81FAEF-432F-4066-8517-974B82AFA55B}.Debug|Any CPU.Build.0 = Debug|Any CPU
		{6C81FAEF-432F-4066-8517-974B82AFA55B}.Release|Any CPU.ActiveCfg = Release|Any CPU
		{6C81FAEF-432F-4066-8517-974B82AFA55B}.Release|Any CPU.Build.0 = Release|Any CPU
	EndGlobalSection
	GlobalSection(SolutionProperties) = preSolution
		HideSolutionNode = FALSE
	EndGlobalSection
	GlobalSection(ExtensibilityGlobals) = postSolution
		SolutionGuid = {DCF8539F-DA0D-41EF-9E56-045D98CC867F}
	EndGlobalSection
EndGlobal
